// !$*UTF8*$!
{
	archiveVersion = 1;
	classes = {
	};
	objectVersion = 48;
	objects = {

/* Begin PBXBuildFile section */
		270B03061F910D640052DC15 /* howtoplay.png in Resources */ = {isa = PBXBuildFile; fileRef = 270B03051F910D390052DC15 /* howtoplay.png */; };
		270B03071F910D640052DC15 /* settings.png in Resources */ = {isa = PBXBuildFile; fileRef = 270B03021F9100C10052DC15 /* settings.png */; };
		27114E3B1F8B49A200728DFC /* AppDelegate.swift in Sources */ = {isa = PBXBuildFile; fileRef = 27114E3A1F8B49A200728DFC /* AppDelegate.swift */; };
		27114E3D1F8B49A200728DFC /* ViewController.swift in Sources */ = {isa = PBXBuildFile; fileRef = 27114E3C1F8B49A200728DFC /* ViewController.swift */; };
		27114E401F8B49A200728DFC /* Main.storyboard in Resources */ = {isa = PBXBuildFile; fileRef = 27114E3E1F8B49A200728DFC /* Main.storyboard */; };
		27114E421F8B49A200728DFC /* Assets.xcassets in Resources */ = {isa = PBXBuildFile; fileRef = 27114E411F8B49A200728DFC /* Assets.xcassets */; };
		27114E451F8B49A200728DFC /* LaunchScreen.storyboard in Resources */ = {isa = PBXBuildFile; fileRef = 27114E431F8B49A200728DFC /* LaunchScreen.storyboard */; };
		27114E501F8B49A200728DFC /* ojisangameTests.swift in Sources */ = {isa = PBXBuildFile; fileRef = 27114E4F1F8B49A200728DFC /* ojisangameTests.swift */; };
		27114E5B1F8B49A200728DFC /* ojisangameUITests.swift in Sources */ = {isa = PBXBuildFile; fileRef = 27114E5A1F8B49A200728DFC /* ojisangameUITests.swift */; };
		27114E691F8B4A0900728DFC /* sixteenViewController.swift in Sources */ = {isa = PBXBuildFile; fileRef = 27114E681F8B4A0900728DFC /* sixteenViewController.swift */; };
		27114E6B1F8B599F00728DFC /* settingViewController.swift in Sources */ = {isa = PBXBuildFile; fileRef = 27114E6A1F8B599F00728DFC /* settingViewController.swift */; };
		27114E731F8B5C2500728DFC /* 44.png in Resources */ = {isa = PBXBuildFile; fileRef = 27114E6C1F8B59F200728DFC /* 44.png */; };
		27114E741F8B5C2500728DFC /* 33.png in Resources */ = {isa = PBXBuildFile; fileRef = 27114E6D1F8B5A0A00728DFC /* 33.png */; };
		27114E751F8B5C2500728DFC /* satoken.png in Resources */ = {isa = PBXBuildFile; fileRef = 27114E6F1F8B5A4D00728DFC /* satoken.png */; };
		27114E761F8B5C2500728DFC /* komei.png in Resources */ = {isa = PBXBuildFile; fileRef = 27114E701F8B5A4D00728DFC /* komei.png */; };
		27114E771F8B5C2500728DFC /* miyamoto.png in Resources */ = {isa = PBXBuildFile; fileRef = 27114E711F8B5A4D00728DFC /* miyamoto.png */; };
		27114E781F8B5C2500728DFC /* 999.jpg in Resources */ = {isa = PBXBuildFile; fileRef = 27114E721F8B5A4D00728DFC /* 999.jpg */; };
		27A9862E1F8B7F28004E2D8C /* YEET.mp3 in Resources */ = {isa = PBXBuildFile; fileRef = 27A9862D1F8B7F1B004E2D8C /* YEET.mp3 */; };
		27A986301F8B7FCF004E2D8C /* collectionViewController.swift in Sources */ = {isa = PBXBuildFile; fileRef = 27A9862F1F8B7FCF004E2D8C /* collectionViewController.swift */; };
		27A986331F8B80D7004E2D8C /* photoCollectionViewCell.swift in Sources */ = {isa = PBXBuildFile; fileRef = 27A986311F8B80D7004E2D8C /* photoCollectionViewCell.swift */; };
		27A986341F8B80D7004E2D8C /* photoCollectionViewCell.xib in Resources */ = {isa = PBXBuildFile; fileRef = 27A986321F8B80D7004E2D8C /* photoCollectionViewCell.xib */; };
		27FF83461F8E1F8300E86E71 /* ookubo.png in Resources */ = {isa = PBXBuildFile; fileRef = 27FF83451F8E1F6900E86E71 /* ookubo.png */; };
		27FF83481F8E449900E86E71 /* startViewController.swift in Sources */ = {isa = PBXBuildFile; fileRef = 27FF83471F8E449900E86E71 /* startViewController.swift */; };
		32F50F2816C47FD9F65BAD32 /* Pods_ojisangame.framework in Frameworks */ = {isa = PBXBuildFile; fileRef = D99D6C37EE38DC1159987538 /* Pods_ojisangame.framework */; };
		36603F74F4BA171D56CD7DE5 /* Pods_ojisangameUITests.framework in Frameworks */ = {isa = PBXBuildFile; fileRef = DAAED5ABFC080EF335749663 /* Pods_ojisangameUITests.framework */; };
		7F4C0D014F690213065AF7AC /* Pods_ojisangameTests.framework in Frameworks */ = {isa = PBXBuildFile; fileRef = 2888CC9FFAB3CABCE2E7C123 /* Pods_ojisangameTests.framework */; };
/* End PBXBuildFile section */

/* Begin PBXContainerItemProxy section */
		27114E4C1F8B49A200728DFC /* PBXContainerItemProxy */ = {
			isa = PBXContainerItemProxy;
			containerPortal = 27114E2F1F8B49A200728DFC /* Project object */;
			proxyType = 1;
			remoteGlobalIDString = 27114E361F8B49A200728DFC;
			remoteInfo = ojisangame;
		};
		27114E571F8B49A200728DFC /* PBXContainerItemProxy */ = {
			isa = PBXContainerItemProxy;
			containerPortal = 27114E2F1F8B49A200728DFC /* Project object */;
			proxyType = 1;
			remoteGlobalIDString = 27114E361F8B49A200728DFC;
			remoteInfo = ojisangame;
		};
/* End PBXContainerItemProxy section */

/* Begin PBXFileReference section */
		238C6794759F6778C3791074 /* Pods-ojisangame.debug.xcconfig */ = {isa = PBXFileReference; includeInIndex = 1; lastKnownFileType = text.xcconfig; name = "Pods-ojisangame.debug.xcconfig"; path = "Pods/Target Support Files/Pods-ojisangame/Pods-ojisangame.debug.xcconfig"; sourceTree = "<group>"; };
		270B03021F9100C10052DC15 /* settings.png */ = {isa = PBXFileReference; lastKnownFileType = image.png; path = settings.png; sourceTree = "<group>"; };
		270B03051F910D390052DC15 /* howtoplay.png */ = {isa = PBXFileReference; lastKnownFileType = image.png; name = howtoplay.png; path = ../../../../Desktop/howtoplay.png; sourceTree = "<group>"; };
		27114E371F8B49A200728DFC /* ojisangame.app */ = {isa = PBXFileReference; explicitFileType = wrapper.application; includeInIndex = 0; path = ojisangame.app; sourceTree = BUILT_PRODUCTS_DIR; };
		27114E3A1F8B49A200728DFC /* AppDelegate.swift */ = {isa = PBXFileReference; lastKnownFileType = sourcecode.swift; path = AppDelegate.swift; sourceTree = "<group>"; };
		27114E3C1F8B49A200728DFC /* ViewController.swift */ = {isa = PBXFileReference; lastKnownFileType = sourcecode.swift; path = ViewController.swift; sourceTree = "<group>"; };
		27114E3F1F8B49A200728DFC /* Base */ = {isa = PBXFileReference; lastKnownFileType = file.storyboard; name = Base; path = Base.lproj/Main.storyboard; sourceTree = "<group>"; };
		27114E411F8B49A200728DFC /* Assets.xcassets */ = {isa = PBXFileReference; lastKnownFileType = folder.assetcatalog; path = Assets.xcassets; sourceTree = "<group>"; };
		27114E441F8B49A200728DFC /* Base */ = {isa = PBXFileReference; lastKnownFileType = file.storyboard; name = Base; path = Base.lproj/LaunchScreen.storyboard; sourceTree = "<group>"; };
		27114E461F8B49A200728DFC /* Info.plist */ = {isa = PBXFileReference; lastKnownFileType = text.plist.xml; path = Info.plist; sourceTree = "<group>"; };
		27114E4B1F8B49A200728DFC /* ojisangameTests.xctest */ = {isa = PBXFileReference; explicitFileType = wrapper.cfbundle; includeInIndex = 0; path = ojisangameTests.xctest; sourceTree = BUILT_PRODUCTS_DIR; };
		27114E4F1F8B49A200728DFC /* ojisangameTests.swift */ = {isa = PBXFileReference; lastKnownFileType = sourcecode.swift; path = ojisangameTests.swift; sourceTree = "<group>"; };
		27114E511F8B49A200728DFC /* Info.plist */ = {isa = PBXFileReference; lastKnownFileType = text.plist.xml; path = Info.plist; sourceTree = "<group>"; };
		27114E561F8B49A200728DFC /* ojisangameUITests.xctest */ = {isa = PBXFileReference; explicitFileType = wrapper.cfbundle; includeInIndex = 0; path = ojisangameUITests.xctest; sourceTree = BUILT_PRODUCTS_DIR; };
		27114E5A1F8B49A200728DFC /* ojisangameUITests.swift */ = {isa = PBXFileReference; lastKnownFileType = sourcecode.swift; path = ojisangameUITests.swift; sourceTree = "<group>"; };
		27114E5C1F8B49A200728DFC /* Info.plist */ = {isa = PBXFileReference; lastKnownFileType = text.plist.xml; path = Info.plist; sourceTree = "<group>"; };
		27114E681F8B4A0900728DFC /* sixteenViewController.swift */ = {isa = PBXFileReference; lastKnownFileType = sourcecode.swift; path = sixteenViewController.swift; sourceTree = "<group>"; };
		27114E6A1F8B599F00728DFC /* settingViewController.swift */ = {isa = PBXFileReference; lastKnownFileType = sourcecode.swift; path = settingViewController.swift; sourceTree = "<group>"; };
		27114E6C1F8B59F200728DFC /* 44.png */ = {isa = PBXFileReference; lastKnownFileType = image.png; path = 44.png; sourceTree = "<group>"; };
		27114E6D1F8B5A0A00728DFC /* 33.png */ = {isa = PBXFileReference; lastKnownFileType = image.png; path = 33.png; sourceTree = "<group>"; };
		27114E6F1F8B5A4D00728DFC /* satoken.png */ = {isa = PBXFileReference; lastKnownFileType = image.png; path = satoken.png; sourceTree = "<group>"; };
		27114E701F8B5A4D00728DFC /* komei.png */ = {isa = PBXFileReference; lastKnownFileType = image.png; path = komei.png; sourceTree = "<group>"; };
		27114E711F8B5A4D00728DFC /* miyamoto.png */ = {isa = PBXFileReference; lastKnownFileType = image.png; path = miyamoto.png; sourceTree = "<group>"; };
		27114E721F8B5A4D00728DFC /* 999.jpg */ = {isa = PBXFileReference; lastKnownFileType = image.jpeg; path = 999.jpg; sourceTree = "<group>"; };
		27A9862D1F8B7F1B004E2D8C /* YEET.mp3 */ = {isa = PBXFileReference; lastKnownFileType = audio.mp3; path = YEET.mp3; sourceTree = "<group>"; };
		27A9862F1F8B7FCF004E2D8C /* collectionViewController.swift */ = {isa = PBXFileReference; lastKnownFileType = sourcecode.swift; path = collectionViewController.swift; sourceTree = "<group>"; };
		27A986311F8B80D7004E2D8C /* photoCollectionViewCell.swift */ = {isa = PBXFileReference; lastKnownFileType = sourcecode.swift; path = photoCollectionViewCell.swift; sourceTree = "<group>"; };
		27A986321F8B80D7004E2D8C /* photoCollectionViewCell.xib */ = {isa = PBXFileReference; lastKnownFileType = file.xib; path = photoCollectionViewCell.xib; sourceTree = "<group>"; };
		27FF83451F8E1F6900E86E71 /* ookubo.png */ = {isa = PBXFileReference; lastKnownFileType = image.png; path = ookubo.png; sourceTree = "<group>"; };
		27FF83471F8E449900E86E71 /* startViewController.swift */ = {isa = PBXFileReference; lastKnownFileType = sourcecode.swift; path = startViewController.swift; sourceTree = "<group>"; };
		2888CC9FFAB3CABCE2E7C123 /* Pods_ojisangameTests.framework */ = {isa = PBXFileReference; explicitFileType = wrapper.framework; includeInIndex = 0; path = Pods_ojisangameTests.framework; sourceTree = BUILT_PRODUCTS_DIR; };
		2BE8798EB09484634CD8CCB9 /* Pods-ojisangameTests.debug.xcconfig */ = {isa = PBXFileReference; includeInIndex = 1; lastKnownFileType = text.xcconfig; name = "Pods-ojisangameTests.debug.xcconfig"; path = "Pods/Target Support Files/Pods-ojisangameTests/Pods-ojisangameTests.debug.xcconfig"; sourceTree = "<group>"; };
		BCE7DF391BB5A44D9FD20D8A /* Pods-ojisangameUITests.release.xcconfig */ = {isa = PBXFileReference; includeInIndex = 1; lastKnownFileType = text.xcconfig; name = "Pods-ojisangameUITests.release.xcconfig"; path = "Pods/Target Support Files/Pods-ojisangameUITests/Pods-ojisangameUITests.release.xcconfig"; sourceTree = "<group>"; };
		C510860AE2FC1CEB09E468EB /* Pods-ojisangameUITests.debug.xcconfig */ = {isa = PBXFileReference; includeInIndex = 1; lastKnownFileType = text.xcconfig; name = "Pods-ojisangameUITests.debug.xcconfig"; path = "Pods/Target Support Files/Pods-ojisangameUITests/Pods-ojisangameUITests.debug.xcconfig"; sourceTree = "<group>"; };
		D99D6C37EE38DC1159987538 /* Pods_ojisangame.framework */ = {isa = PBXFileReference; explicitFileType = wrapper.framework; includeInIndex = 0; path = Pods_ojisangame.framework; sourceTree = BUILT_PRODUCTS_DIR; };
		DAAED5ABFC080EF335749663 /* Pods_ojisangameUITests.framework */ = {isa = PBXFileReference; explicitFileType = wrapper.framework; includeInIndex = 0; path = Pods_ojisangameUITests.framework; sourceTree = BUILT_PRODUCTS_DIR; };
		E0A9887002617ED45FB327E5 /* Pods-ojisangame.release.xcconfig */ = {isa = PBXFileReference; includeInIndex = 1; lastKnownFileType = text.xcconfig; name = "Pods-ojisangame.release.xcconfig"; path = "Pods/Target Support Files/Pods-ojisangame/Pods-ojisangame.release.xcconfig"; sourceTree = "<group>"; };
		E276DECB03870A5DA31B43BA /* Pods-ojisangameTests.release.xcconfig */ = {isa = PBXFileReference; includeInIndex = 1; lastKnownFileType = text.xcconfig; name = "Pods-ojisangameTests.release.xcconfig"; path = "Pods/Target Support Files/Pods-ojisangameTests/Pods-ojisangameTests.release.xcconfig"; sourceTree = "<group>"; };
/* End PBXFileReference section */

/* Begin PBXFrameworksBuildPhase section */
		27114E341F8B49A200728DFC /* Frameworks */ = {
			isa = PBXFrameworksBuildPhase;
			buildActionMask = 2147483647;
			files = (
				32F50F2816C47FD9F65BAD32 /* Pods_ojisangame.framework in Frameworks */,
			);
			runOnlyForDeploymentPostprocessing = 0;
		};
		27114E481F8B49A200728DFC /* Frameworks */ = {
			isa = PBXFrameworksBuildPhase;
			buildActionMask = 2147483647;
			files = (
				7F4C0D014F690213065AF7AC /* Pods_ojisangameTests.framework in Frameworks */,
			);
			runOnlyForDeploymentPostprocessing = 0;
		};
		27114E531F8B49A200728DFC /* Frameworks */ = {
			isa = PBXFrameworksBuildPhase;
			buildActionMask = 2147483647;
			files = (
				36603F74F4BA171D56CD7DE5 /* Pods_ojisangameUITests.framework in Frameworks */,
			);
			runOnlyForDeploymentPostprocessing = 0;
		};
/* End PBXFrameworksBuildPhase section */

/* Begin PBXGroup section */
		1CC275C379A1E024D7F09ABC /* Frameworks */ = {
			isa = PBXGroup;
			children = (
				D99D6C37EE38DC1159987538 /* Pods_ojisangame.framework */,
				2888CC9FFAB3CABCE2E7C123 /* Pods_ojisangameTests.framework */,
				DAAED5ABFC080EF335749663 /* Pods_ojisangameUITests.framework */,
			);
			name = Frameworks;
			sourceTree = "<group>";
		};
		269AD2A87C9EBFCDBFC596D3 /* Pods */ = {
			isa = PBXGroup;
			children = (
				238C6794759F6778C3791074 /* Pods-ojisangame.debug.xcconfig */,
				E0A9887002617ED45FB327E5 /* Pods-ojisangame.release.xcconfig */,
				2BE8798EB09484634CD8CCB9 /* Pods-ojisangameTests.debug.xcconfig */,
				E276DECB03870A5DA31B43BA /* Pods-ojisangameTests.release.xcconfig */,
				C510860AE2FC1CEB09E468EB /* Pods-ojisangameUITests.debug.xcconfig */,
				BCE7DF391BB5A44D9FD20D8A /* Pods-ojisangameUITests.release.xcconfig */,
			);
			name = Pods;
			sourceTree = "<group>";
		};
		27114E2E1F8B49A200728DFC = {
			isa = PBXGroup;
			children = (
				27114E391F8B49A200728DFC /* ojisangame */,
				27114E4E1F8B49A200728DFC /* ojisangameTests */,
				27114E591F8B49A200728DFC /* ojisangameUITests */,
				27114E381F8B49A200728DFC /* Products */,
				269AD2A87C9EBFCDBFC596D3 /* Pods */,
				1CC275C379A1E024D7F09ABC /* Frameworks */,
			);
			sourceTree = "<group>";
		};
		27114E381F8B49A200728DFC /* Products */ = {
			isa = PBXGroup;
			children = (
				27114E371F8B49A200728DFC /* ojisangame.app */,
				27114E4B1F8B49A200728DFC /* ojisangameTests.xctest */,
				27114E561F8B49A200728DFC /* ojisangameUITests.xctest */,
			);
			name = Products;
			sourceTree = "<group>";
		};
		27114E391F8B49A200728DFC /* ojisangame */ = {
			isa = PBXGroup;
			children = (
				27114E3E1F8B49A200728DFC /* Main.storyboard */,
				27FF83471F8E449900E86E71 /* startViewController.swift */,
				270B03051F910D390052DC15 /* howtoplay.png */,
				270B03021F9100C10052DC15 /* settings.png */,
				27114E3A1F8B49A200728DFC /* AppDelegate.swift */,
				27114E3C1F8B49A200728DFC /* ViewController.swift */,
				27114E681F8B4A0900728DFC /* sixteenViewController.swift */,
				27A986311F8B80D7004E2D8C /* photoCollectionViewCell.swift */,
				27A986321F8B80D7004E2D8C /* photoCollectionViewCell.xib */,
				27A9862F1F8B7FCF004E2D8C /* collectionViewController.swift */,
				27114E6A1F8B599F00728DFC /* settingViewController.swift */,
				27114E6E1F8B5A4D00728DFC /* ojisangame_data */,
				27114E411F8B49A200728DFC /* Assets.xcassets */,
				27114E431F8B49A200728DFC /* LaunchScreen.storyboard */,
				27114E461F8B49A200728DFC /* Info.plist */,
			);
			path = ojisangame;
			sourceTree = "<group>";
		};
		27114E4E1F8B49A200728DFC /* ojisangameTests */ = {
			isa = PBXGroup;
			children = (
				27114E4F1F8B49A200728DFC /* ojisangameTests.swift */,
				27114E511F8B49A200728DFC /* Info.plist */,
			);
			path = ojisangameTests;
			sourceTree = "<group>";
		};
		27114E591F8B49A200728DFC /* ojisangameUITests */ = {
			isa = PBXGroup;
			children = (
				27114E5A1F8B49A200728DFC /* ojisangameUITests.swift */,
				27114E5C1F8B49A200728DFC /* Info.plist */,
			);
			path = ojisangameUITests;
			sourceTree = "<group>";
		};
		27114E6E1F8B5A4D00728DFC /* ojisangame_data */ = {
			isa = PBXGroup;
			children = (
				27A9862D1F8B7F1B004E2D8C /* YEET.mp3 */,
				27FF83451F8E1F6900E86E71 /* ookubo.png */,
				27114E6C1F8B59F200728DFC /* 44.png */,
				27114E6D1F8B5A0A00728DFC /* 33.png */,
				27114E6F1F8B5A4D00728DFC /* satoken.png */,
				27114E701F8B5A4D00728DFC /* komei.png */,
				27114E711F8B5A4D00728DFC /* miyamoto.png */,
				27114E721F8B5A4D00728DFC /* 999.jpg */,
			);
			path = ojisangame_data;
			sourceTree = "<group>";
		};
/* End PBXGroup section */

/* Begin PBXNativeTarget section */
		27114E361F8B49A200728DFC /* ojisangame */ = {
			isa = PBXNativeTarget;
			buildConfigurationList = 27114E5F1F8B49A200728DFC /* Build configuration list for PBXNativeTarget "ojisangame" */;
			buildPhases = (
				EB69C484FF4729AB3B498994 /* [CP] Check Pods Manifest.lock */,
				27114E331F8B49A200728DFC /* Sources */,
				27114E341F8B49A200728DFC /* Frameworks */,
				27114E351F8B49A200728DFC /* Resources */,
				233CF2A1CB1B8F454B783BAC /* [CP] Embed Pods Frameworks */,
				9DEAAD9B7CBD320BAEE09C59 /* [CP] Copy Pods Resources */,
			);
			buildRules = (
			);
			dependencies = (
			);
			name = ojisangame;
			productName = ojisangame;
			productReference = 27114E371F8B49A200728DFC /* ojisangame.app */;
			productType = "com.apple.product-type.application";
		};
		27114E4A1F8B49A200728DFC /* ojisangameTests */ = {
			isa = PBXNativeTarget;
			buildConfigurationList = 27114E621F8B49A200728DFC /* Build configuration list for PBXNativeTarget "ojisangameTests" */;
			buildPhases = (
				68C313CB347FEC2E36F8CE47 /* [CP] Check Pods Manifest.lock */,
				27114E471F8B49A200728DFC /* Sources */,
				27114E481F8B49A200728DFC /* Frameworks */,
				27114E491F8B49A200728DFC /* Resources */,
				6ABAB082FD474463447F6C41 /* [CP] Embed Pods Frameworks */,
				12D46E690456A53FED70F18A /* [CP] Copy Pods Resources */,
			);
			buildRules = (
			);
			dependencies = (
				27114E4D1F8B49A200728DFC /* PBXTargetDependency */,
			);
			name = ojisangameTests;
			productName = ojisangameTests;
			productReference = 27114E4B1F8B49A200728DFC /* ojisangameTests.xctest */;
			productType = "com.apple.product-type.bundle.unit-test";
		};
		27114E551F8B49A200728DFC /* ojisangameUITests */ = {
			isa = PBXNativeTarget;
			buildConfigurationList = 27114E651F8B49A200728DFC /* Build configuration list for PBXNativeTarget "ojisangameUITests" */;
			buildPhases = (
				DB7A0C57372B8649FD261CE5 /* [CP] Check Pods Manifest.lock */,
				27114E521F8B49A200728DFC /* Sources */,
				27114E531F8B49A200728DFC /* Frameworks */,
				27114E541F8B49A200728DFC /* Resources */,
				447F68ED82F2D7CD556502FC /* [CP] Embed Pods Frameworks */,
				A07B9EFEA3C4C48FDF10BA1D /* [CP] Copy Pods Resources */,
			);
			buildRules = (
			);
			dependencies = (
				27114E581F8B49A200728DFC /* PBXTargetDependency */,
			);
			name = ojisangameUITests;
			productName = ojisangameUITests;
			productReference = 27114E561F8B49A200728DFC /* ojisangameUITests.xctest */;
			productType = "com.apple.product-type.bundle.ui-testing";
		};
/* End PBXNativeTarget section */

/* Begin PBXProject section */
		27114E2F1F8B49A200728DFC /* Project object */ = {
			isa = PBXProject;
			attributes = {
				LastSwiftUpdateCheck = 0900;
				LastUpgradeCheck = 0900;
				ORGANIZATIONNAME = "Tatsuya Fukushima";
				TargetAttributes = {
					27114E361F8B49A200728DFC = {
						CreatedOnToolsVersion = 9.0;
						ProvisioningStyle = Automatic;
					};
					27114E4A1F8B49A200728DFC = {
						CreatedOnToolsVersion = 9.0;
						ProvisioningStyle = Automatic;
						TestTargetID = 27114E361F8B49A200728DFC;
					};
					27114E551F8B49A200728DFC = {
						CreatedOnToolsVersion = 9.0;
						ProvisioningStyle = Automatic;
						TestTargetID = 27114E361F8B49A200728DFC;
					};
				};
			};
			buildConfigurationList = 27114E321F8B49A200728DFC /* Build configuration list for PBXProject "ojisangame" */;
			compatibilityVersion = "Xcode 8.0";
			developmentRegion = en;
			hasScannedForEncodings = 0;
			knownRegions = (
				en,
				Base,
			);
			mainGroup = 27114E2E1F8B49A200728DFC;
			productRefGroup = 27114E381F8B49A200728DFC /* Products */;
			projectDirPath = "";
			projectRoot = "";
			targets = (
				27114E361F8B49A200728DFC /* ojisangame */,
				27114E4A1F8B49A200728DFC /* ojisangameTests */,
				27114E551F8B49A200728DFC /* ojisangameUITests */,
			);
		};
/* End PBXProject section */

/* Begin PBXResourcesBuildPhase section */
		27114E351F8B49A200728DFC /* Resources */ = {
			isa = PBXResourcesBuildPhase;
			buildActionMask = 2147483647;
			files = (
				270B03061F910D640052DC15 /* howtoplay.png in Resources */,
				270B03071F910D640052DC15 /* settings.png in Resources */,
				27FF83461F8E1F8300E86E71 /* ookubo.png in Resources */,
				27A9862E1F8B7F28004E2D8C /* YEET.mp3 in Resources */,
				27114E731F8B5C2500728DFC /* 44.png in Resources */,
				27114E741F8B5C2500728DFC /* 33.png in Resources */,
				27A986341F8B80D7004E2D8C /* photoCollectionViewCell.xib in Resources */,
				27114E751F8B5C2500728DFC /* satoken.png in Resources */,
				27114E761F8B5C2500728DFC /* komei.png in Resources */,
				27114E771F8B5C2500728DFC /* miyamoto.png in Resources */,
				27114E781F8B5C2500728DFC /* 999.jpg in Resources */,
				27114E451F8B49A200728DFC /* LaunchScreen.storyboard in Resources */,
				27114E421F8B49A200728DFC /* Assets.xcassets in Resources */,
				27114E401F8B49A200728DFC /* Main.storyboard in Resources */,
			);
			runOnlyForDeploymentPostprocessing = 0;
		};
		27114E491F8B49A200728DFC /* Resources */ = {
			isa = PBXResourcesBuildPhase;
			buildActionMask = 2147483647;
			files = (
			);
			runOnlyForDeploymentPostprocessing = 0;
		};
		27114E541F8B49A200728DFC /* Resources */ = {
			isa = PBXResourcesBuildPhase;
			buildActionMask = 2147483647;
			files = (
			);
			runOnlyForDeploymentPostprocessing = 0;
		};
/* End PBXResourcesBuildPhase section */

/* Begin PBXShellScriptBuildPhase section */
		12D46E690456A53FED70F18A /* [CP] Copy Pods Resources */ = {
			isa = PBXShellScriptBuildPhase;
			buildActionMask = 2147483647;
			files = (
			);
			inputPaths = (
			);
			name = "[CP] Copy Pods Resources";
			outputPaths = (
			);
			runOnlyForDeploymentPostprocessing = 0;
			shellPath = /bin/sh;
			shellScript = "\"${SRCROOT}/Pods/Target Support Files/Pods-ojisangameTests/Pods-ojisangameTests-resources.sh\"\n";
			showEnvVarsInLog = 0;
		};
		233CF2A1CB1B8F454B783BAC /* [CP] Embed Pods Frameworks */ = {
			isa = PBXShellScriptBuildPhase;
			buildActionMask = 2147483647;
			files = (
			);
			inputPaths = (
				"${SRCROOT}/Pods/Target Support Files/Pods-ojisangame/Pods-ojisangame-frameworks.sh",
				"${BUILT_PRODUCTS_DIR}/SwiftSpinner/SwiftSpinner.framework",
			);
			name = "[CP] Embed Pods Frameworks";
			outputPaths = (
				"${TARGET_BUILD_DIR}/${FRAMEWORKS_FOLDER_PATH}/SwiftSpinner.framework",
			);
			runOnlyForDeploymentPostprocessing = 0;
			shellPath = /bin/sh;
			shellScript = "\"${SRCROOT}/Pods/Target Support Files/Pods-ojisangame/Pods-ojisangame-frameworks.sh\"\n";
			showEnvVarsInLog = 0;
		};
		447F68ED82F2D7CD556502FC /* [CP] Embed Pods Frameworks */ = {
			isa = PBXShellScriptBuildPhase;
			buildActionMask = 2147483647;
			files = (
			);
			inputPaths = (
			);
			name = "[CP] Embed Pods Frameworks";
			outputPaths = (
			);
			runOnlyForDeploymentPostprocessing = 0;
			shellPath = /bin/sh;
			shellScript = "\"${SRCROOT}/Pods/Target Support Files/Pods-ojisangameUITests/Pods-ojisangameUITests-frameworks.sh\"\n";
			showEnvVarsInLog = 0;
		};
		68C313CB347FEC2E36F8CE47 /* [CP] Check Pods Manifest.lock */ = {
			isa = PBXShellScriptBuildPhase;
			buildActionMask = 2147483647;
			files = (
			);
			inputPaths = (
				"${PODS_PODFILE_DIR_PATH}/Podfile.lock",
				"${PODS_ROOT}/Manifest.lock",
			);
			name = "[CP] Check Pods Manifest.lock";
			outputPaths = (
				"$(DERIVED_FILE_DIR)/Pods-ojisangameTests-checkManifestLockResult.txt",
			);
			runOnlyForDeploymentPostprocessing = 0;
			shellPath = /bin/sh;
			shellScript = "diff \"${PODS_PODFILE_DIR_PATH}/Podfile.lock\" \"${PODS_ROOT}/Manifest.lock\" > /dev/null\nif [ $? != 0 ] ; then\n    # print error to STDERR\n    echo \"error: The sandbox is not in sync with the Podfile.lock. Run 'pod install' or update your CocoaPods installation.\" >&2\n    exit 1\nfi\n# This output is used by Xcode 'outputs' to avoid re-running this script phase.\necho \"SUCCESS\" > \"${SCRIPT_OUTPUT_FILE_0}\"\n";
			showEnvVarsInLog = 0;
		};
		6ABAB082FD474463447F6C41 /* [CP] Embed Pods Frameworks */ = {
			isa = PBXShellScriptBuildPhase;
			buildActionMask = 2147483647;
			files = (
			);
			inputPaths = (
			);
			name = "[CP] Embed Pods Frameworks";
			outputPaths = (
			);
			runOnlyForDeploymentPostprocessing = 0;
			shellPath = /bin/sh;
			shellScript = "\"${SRCROOT}/Pods/Target Support Files/Pods-ojisangameTests/Pods-ojisangameTests-frameworks.sh\"\n";
			showEnvVarsInLog = 0;
		};
		9DEAAD9B7CBD320BAEE09C59 /* [CP] Copy Pods Resources */ = {
			isa = PBXShellScriptBuildPhase;
			buildActionMask = 2147483647;
			files = (
			);
			inputPaths = (
			);
			name = "[CP] Copy Pods Resources";
			outputPaths = (
			);
			runOnlyForDeploymentPostprocessing = 0;
			shellPath = /bin/sh;
			shellScript = "\"${SRCROOT}/Pods/Target Support Files/Pods-ojisangame/Pods-ojisangame-resources.sh\"\n";
			showEnvVarsInLog = 0;
		};
		A07B9EFEA3C4C48FDF10BA1D /* [CP] Copy Pods Resources */ = {
			isa = PBXShellScriptBuildPhase;
			buildActionMask = 2147483647;
			files = (
			);
			inputPaths = (
			);
			name = "[CP] Copy Pods Resources";
			outputPaths = (
			);
			runOnlyForDeploymentPostprocessing = 0;
			shellPath = /bin/sh;
			shellScript = "\"${SRCROOT}/Pods/Target Support Files/Pods-ojisangameUITests/Pods-ojisangameUITests-resources.sh\"\n";
			showEnvVarsInLog = 0;
		};
		DB7A0C57372B8649FD261CE5 /* [CP] Check Pods Manifest.lock */ = {
			isa = PBXShellScriptBuildPhase;
			buildActionMask = 2147483647;
			files = (
			);
			inputPaths = (
				"${PODS_PODFILE_DIR_PATH}/Podfile.lock",
				"${PODS_ROOT}/Manifest.lock",
			);
			name = "[CP] Check Pods Manifest.lock";
			outputPaths = (
				"$(DERIVED_FILE_DIR)/Pods-ojisangameUITests-checkManifestLockResult.txt",
			);
			runOnlyForDeploymentPostprocessing = 0;
			shellPath = /bin/sh;
			shellScript = "diff \"${PODS_PODFILE_DIR_PATH}/Podfile.lock\" \"${PODS_ROOT}/Manifest.lock\" > /dev/null\nif [ $? != 0 ] ; then\n    # print error to STDERR\n    echo \"error: The sandbox is not in sync with the Podfile.lock. Run 'pod install' or update your CocoaPods installation.\" >&2\n    exit 1\nfi\n# This output is used by Xcode 'outputs' to avoid re-running this script phase.\necho \"SUCCESS\" > \"${SCRIPT_OUTPUT_FILE_0}\"\n";
			showEnvVarsInLog = 0;
		};
		EB69C484FF4729AB3B498994 /* [CP] Check Pods Manifest.lock */ = {
			isa = PBXShellScriptBuildPhase;
			buildActionMask = 2147483647;
			files = (
			);
			inputPaths = (
				"${PODS_PODFILE_DIR_PATH}/Podfile.lock",
				"${PODS_ROOT}/Manifest.lock",
			);
			name = "[CP] Check Pods Manifest.lock";
			outputPaths = (
				"$(DERIVED_FILE_DIR)/Pods-ojisangame-checkManifestLockResult.txt",
			);
			runOnlyForDeploymentPostprocessing = 0;
			shellPath = /bin/sh;
			shellScript = "diff \"${PODS_PODFILE_DIR_PATH}/Podfile.lock\" \"${PODS_ROOT}/Manifest.lock\" > /dev/null\nif [ $? != 0 ] ; then\n    # print error to STDERR\n    echo \"error: The sandbox is not in sync with the Podfile.lock. Run 'pod install' or update your CocoaPods installation.\" >&2\n    exit 1\nfi\n# This output is used by Xcode 'outputs' to avoid re-running this script phase.\necho \"SUCCESS\" > \"${SCRIPT_OUTPUT_FILE_0}\"\n";
			showEnvVarsInLog = 0;
		};
/* End PBXShellScriptBuildPhase section */

/* Begin PBXSourcesBuildPhase section */
		27114E331F8B49A200728DFC /* Sources */ = {
			isa = PBXSourcesBuildPhase;
			buildActionMask = 2147483647;
			files = (
				27114E3D1F8B49A200728DFC /* ViewController.swift in Sources */,
				27FF83481F8E449900E86E71 /* startViewController.swift in Sources */,
				27A986331F8B80D7004E2D8C /* photoCollectionViewCell.swift in Sources */,
				27A986301F8B7FCF004E2D8C /* collectionViewController.swift in Sources */,
				27114E3B1F8B49A200728DFC /* AppDelegate.swift in Sources */,
				27114E691F8B4A0900728DFC /* sixteenViewController.swift in Sources */,
				27114E6B1F8B599F00728DFC /* settingViewController.swift in Sources */,
			);
			runOnlyForDeploymentPostprocessing = 0;
		};
		27114E471F8B49A200728DFC /* Sources */ = {
			isa = PBXSourcesBuildPhase;
			buildActionMask = 2147483647;
			files = (
				27114E501F8B49A200728DFC /* ojisangameTests.swift in Sources */,
			);
			runOnlyForDeploymentPostprocessing = 0;
		};
		27114E521F8B49A200728DFC /* Sources */ = {
			isa = PBXSourcesBuildPhase;
			buildActionMask = 2147483647;
			files = (
				27114E5B1F8B49A200728DFC /* ojisangameUITests.swift in Sources */,
			);
			runOnlyForDeploymentPostprocessing = 0;
		};
/* End PBXSourcesBuildPhase section */

/* Begin PBXTargetDependency section */
		27114E4D1F8B49A200728DFC /* PBXTargetDependency */ = {
			isa = PBXTargetDependency;
			target = 27114E361F8B49A200728DFC /* ojisangame */;
			targetProxy = 27114E4C1F8B49A200728DFC /* PBXContainerItemProxy */;
		};
		27114E581F8B49A200728DFC /* PBXTargetDependency */ = {
			isa = PBXTargetDependency;
			target = 27114E361F8B49A200728DFC /* ojisangame */;
			targetProxy = 27114E571F8B49A200728DFC /* PBXContainerItemProxy */;
		};
/* End PBXTargetDependency section */

/* Begin PBXVariantGroup section */
		27114E3E1F8B49A200728DFC /* Main.storyboard */ = {
			isa = PBXVariantGroup;
			children = (
				27114E3F1F8B49A200728DFC /* Base */,
			);
			name = Main.storyboard;
			sourceTree = "<group>";
		};
		27114E431F8B49A200728DFC /* LaunchScreen.storyboard */ = {
			isa = PBXVariantGroup;
			children = (
				27114E441F8B49A200728DFC /* Base */,
			);
			name = LaunchScreen.storyboard;
			sourceTree = "<group>";
		};
/* End PBXVariantGroup section */

/* Begin XCBuildConfiguration section */
		27114E5D1F8B49A200728DFC /* Debug */ = {
			isa = XCBuildConfiguration;
			buildSettings = {
				ALWAYS_SEARCH_USER_PATHS = NO;
				CLANG_ANALYZER_NONNULL = YES;
				CLANG_ANALYZER_NUMBER_OBJECT_CONVERSION = YES_AGGRESSIVE;
				CLANG_CXX_LANGUAGE_STANDARD = "gnu++14";
				CLANG_CXX_LIBRARY = "libc++";
				CLANG_ENABLE_MODULES = YES;
				CLANG_ENABLE_OBJC_ARC = YES;
				CLANG_WARN_BLOCK_CAPTURE_AUTORELEASING = YES;
				CLANG_WARN_BOOL_CONVERSION = YES;
				CLANG_WARN_COMMA = YES;
				CLANG_WARN_CONSTANT_CONVERSION = YES;
				CLANG_WARN_DIRECT_OBJC_ISA_USAGE = YES_ERROR;
				CLANG_WARN_DOCUMENTATION_COMMENTS = YES;
				CLANG_WARN_EMPTY_BODY = YES;
				CLANG_WARN_ENUM_CONVERSION = YES;
				CLANG_WARN_INFINITE_RECURSION = YES;
				CLANG_WARN_INT_CONVERSION = YES;
				CLANG_WARN_NON_LITERAL_NULL_CONVERSION = YES;
				CLANG_WARN_OBJC_LITERAL_CONVERSION = YES;
				CLANG_WARN_OBJC_ROOT_CLASS = YES_ERROR;
				CLANG_WARN_RANGE_LOOP_ANALYSIS = YES;
				CLANG_WARN_STRICT_PROTOTYPES = YES;
				CLANG_WARN_SUSPICIOUS_MOVE = YES;
				CLANG_WARN_UNGUARDED_AVAILABILITY = YES_AGGRESSIVE;
				CLANG_WARN_UNREACHABLE_CODE = YES;
				CLANG_WARN__DUPLICATE_METHOD_MATCH = YES;
				CODE_SIGN_IDENTITY = "iPhone Developer";
				COPY_PHASE_STRIP = NO;
				DEBUG_INFORMATION_FORMAT = dwarf;
				ENABLE_STRICT_OBJC_MSGSEND = YES;
				ENABLE_TESTABILITY = YES;
				GCC_C_LANGUAGE_STANDARD = gnu11;
				GCC_DYNAMIC_NO_PIC = NO;
				GCC_NO_COMMON_BLOCKS = YES;
				GCC_OPTIMIZATION_LEVEL = 0;
				GCC_PREPROCESSOR_DEFINITIONS = (
					"DEBUG=1",
					"$(inherited)",
				);
				GCC_WARN_64_TO_32_BIT_CONVERSION = YES;
				GCC_WARN_ABOUT_RETURN_TYPE = YES_ERROR;
				GCC_WARN_UNDECLARED_SELECTOR = YES;
				GCC_WARN_UNINITIALIZED_AUTOS = YES_AGGRESSIVE;
				GCC_WARN_UNUSED_FUNCTION = YES;
				GCC_WARN_UNUSED_VARIABLE = YES;
				IPHONEOS_DEPLOYMENT_TARGET = 11.0;
				MTL_ENABLE_DEBUG_INFO = YES;
				ONLY_ACTIVE_ARCH = YES;
				SDKROOT = iphoneos;
				SWIFT_ACTIVE_COMPILATION_CONDITIONS = DEBUG;
				SWIFT_OPTIMIZATION_LEVEL = "-Onone";
			};
			name = Debug;
		};
		27114E5E1F8B49A200728DFC /* Release */ = {
			isa = XCBuildConfiguration;
			buildSettings = {
				ALWAYS_SEARCH_USER_PATHS = NO;
				CLANG_ANALYZER_NONNULL = YES;
				CLANG_ANALYZER_NUMBER_OBJECT_CONVERSION = YES_AGGRESSIVE;
				CLANG_CXX_LANGUAGE_STANDARD = "gnu++14";
				CLANG_CXX_LIBRARY = "libc++";
				CLANG_ENABLE_MODULES = YES;
				CLANG_ENABLE_OBJC_ARC = YES;
				CLANG_WARN_BLOCK_CAPTURE_AUTORELEASING = YES;
				CLANG_WARN_BOOL_CONVERSION = YES;
				CLANG_WARN_COMMA = YES;
				CLANG_WARN_CONSTANT_CONVERSION = YES;
				CLANG_WARN_DIRECT_OBJC_ISA_USAGE = YES_ERROR;
				CLANG_WARN_DOCUMENTATION_COMMENTS = YES;
				CLANG_WARN_EMPTY_BODY = YES;
				CLANG_WARN_ENUM_CONVERSION = YES;
				CLANG_WARN_INFINITE_RECURSION = YES;
				CLANG_WARN_INT_CONVERSION = YES;
				CLANG_WARN_NON_LITERAL_NULL_CONVERSION = YES;
				CLANG_WARN_OBJC_LITERAL_CONVERSION = YES;
				CLANG_WARN_OBJC_ROOT_CLASS = YES_ERROR;
				CLANG_WARN_RANGE_LOOP_ANALYSIS = YES;
				CLANG_WARN_STRICT_PROTOTYPES = YES;
				CLANG_WARN_SUSPICIOUS_MOVE = YES;
				CLANG_WARN_UNGUARDED_AVAILABILITY = YES_AGGRESSIVE;
				CLANG_WARN_UNREACHABLE_CODE = YES;
				CLANG_WARN__DUPLICATE_METHOD_MATCH = YES;
				CODE_SIGN_IDENTITY = "iPhone Developer";
				COPY_PHASE_STRIP = NO;
				DEBUG_INFORMATION_FORMAT = "dwarf-with-dsym";
				ENABLE_NS_ASSERTIONS = NO;
				ENABLE_STRICT_OBJC_MSGSEND = YES;
				GCC_C_LANGUAGE_STANDARD = gnu11;
				GCC_NO_COMMON_BLOCKS = YES;
				GCC_WARN_64_TO_32_BIT_CONVERSION = YES;
				GCC_WARN_ABOUT_RETURN_TYPE = YES_ERROR;
				GCC_WARN_UNDECLARED_SELECTOR = YES;
				GCC_WARN_UNINITIALIZED_AUTOS = YES_AGGRESSIVE;
				GCC_WARN_UNUSED_FUNCTION = YES;
				GCC_WARN_UNUSED_VARIABLE = YES;
				IPHONEOS_DEPLOYMENT_TARGET = 11.0;
				MTL_ENABLE_DEBUG_INFO = NO;
				SDKROOT = iphoneos;
				SWIFT_OPTIMIZATION_LEVEL = "-Owholemodule";
				VALIDATE_PRODUCT = YES;
			};
			name = Release;
		};
		27114E601F8B49A200728DFC /* Debug */ = {
			isa = XCBuildConfiguration;
			baseConfigurationReference = 238C6794759F6778C3791074 /* Pods-ojisangame.debug.xcconfig */;
			buildSettings = {
				ALWAYS_EMBED_SWIFT_STANDARD_LIBRARIES = "$(inherited)";
				ASSETCATALOG_COMPILER_APPICON_NAME = AppIcon;
				CODE_SIGN_STYLE = Automatic;
				DEVELOPMENT_TEAM = 4ZLV67V2DX;
				INFOPLIST_FILE = ojisangame/Info.plist;
				LD_RUNPATH_SEARCH_PATHS = "$(inherited) @executable_path/Frameworks";
				PRODUCT_BUNDLE_IDENTIFIER = tatsuya.ojisangame;
				PRODUCT_NAME = "$(TARGET_NAME)";
				SWIFT_VERSION = 4.0;
				TARGETED_DEVICE_FAMILY = "1,2";
			};
			name = Debug;
		};
		27114E611F8B49A200728DFC /* Release */ = {
			isa = XCBuildConfiguration;
			baseConfigurationReference = E0A9887002617ED45FB327E5 /* Pods-ojisangame.release.xcconfig */;
			buildSettings = {
				ALWAYS_EMBED_SWIFT_STANDARD_LIBRARIES = "$(inherited)";
				ASSETCATALOG_COMPILER_APPICON_NAME = AppIcon;
				CODE_SIGN_STYLE = Automatic;
				DEVELOPMENT_TEAM = 4ZLV67V2DX;
				INFOPLIST_FILE = ojisangame/Info.plist;
				LD_RUNPATH_SEARCH_PATHS = "$(inherited) @executable_path/Frameworks";
				PRODUCT_BUNDLE_IDENTIFIER = tatsuya.ojisangame;
				PRODUCT_NAME = "$(TARGET_NAME)";
				SWIFT_VERSION = 4.0;
				TARGETED_DEVICE_FAMILY = "1,2";
			};
			name = Release;
		};
		27114E631F8B49A200728DFC /* Debug */ = {
			isa = XCBuildConfiguration;
			baseConfigurationReference = 2BE8798EB09484634CD8CCB9 /* Pods-ojisangameTests.debug.xcconfig */;
			buildSettings = {
				ALWAYS_EMBED_SWIFT_STANDARD_LIBRARIES = NO;
				BUNDLE_LOADER = "$(TEST_HOST)";
				CODE_SIGN_STYLE = Automatic;
				DEVELOPMENT_TEAM = 98G7MS2742;
				INFOPLIST_FILE = ojisangameTests/Info.plist;
				LD_RUNPATH_SEARCH_PATHS = "$(inherited) @executable_path/Frameworks @loader_path/Frameworks";
				PRODUCT_BUNDLE_IDENTIFIER = tatsuya.ojisangameTests;
				PRODUCT_NAME = "$(TARGET_NAME)";
				SWIFT_VERSION = 4.0;
				TARGETED_DEVICE_FAMILY = "1,2";
				TEST_HOST = "$(BUILT_PRODUCTS_DIR)/ojisangame.app/ojisangame";
			};
			name = Debug;
		};
		27114E641F8B49A200728DFC /* Release */ = {
			isa = XCBuildConfiguration;
			baseConfigurationReference = E276DECB03870A5DA31B43BA /* Pods-ojisangameTests.release.xcconfig */;
			buildSettings = {
				ALWAYS_EMBED_SWIFT_STANDARD_LIBRARIES = NO;
				BUNDLE_LOADER = "$(TEST_HOST)";
				CODE_SIGN_STYLE = Automatic;
				DEVELOPMENT_TEAM = 98G7MS2742;
				INFOPLIST_FILE = ojisangameTests/Info.plist;
				LD_RUNPATH_SEARCH_PATHS = "$(inherited) @executable_path/Frameworks @loader_path/Frameworks";
				PRODUCT_BUNDLE_IDENTIFIER = tatsuya.ojisangameTests;
				PRODUCT_NAME = "$(TARGET_NAME)";
				SWIFT_VERSION = 4.0;
				TARGETED_DEVICE_FAMILY = "1,2";
				TEST_HOST = "$(BUILT_PRODUCTS_DIR)/ojisangame.app/ojisangame";
			};
			name = Release;
		};
		27114E661F8B49A200728DFC /* Debug */ = {
			isa = XCBuildConfiguration;
			baseConfigurationReference = C510860AE2FC1CEB09E468EB /* Pods-ojisangameUITests.debug.xcconfig */;
			buildSettings = {
				ALWAYS_EMBED_SWIFT_STANDARD_LIBRARIES = NO;
				CODE_SIGN_STYLE = Automatic;
				DEVELOPMENT_TEAM = 98G7MS2742;
				INFOPLIST_FILE = ojisangameUITests/Info.plist;
				LD_RUNPATH_SEARCH_PATHS = "$(inherited) @executable_path/Frameworks @loader_path/Frameworks";
				PRODUCT_BUNDLE_IDENTIFIER = tatsuya.ojisangameUITests;
				PRODUCT_NAME = "$(TARGET_NAME)";
				SWIFT_VERSION = 4.0;
				TARGETED_DEVICE_FAMILY = "1,2";
				TEST_TARGET_NAME = ojisangame;
			};
			name = Debug;
		};
		27114E671F8B49A200728DFC /* Release */ = {
			isa = XCBuildConfiguration;
			baseConfigurationReference = BCE7DF391BB5A44D9FD20D8A /* Pods-ojisangameUITests.release.xcconfig */;
			buildSettings = {
				ALWAYS_EMBED_SWIFT_STANDARD_LIBRARIES = NO;
				CODE_SIGN_STYLE = Automatic;
				DEVELOPMENT_TEAM = 98G7MS2742;
				INFOPLIST_FILE = ojisangameUITests/Info.plist;
				LD_RUNPATH_SEARCH_PATHS = "$(inherited) @executable_path/Frameworks @loader_path/Frameworks";
				PRODUCT_BUNDLE_IDENTIFIER = tatsuya.ojisangameUITests;
				PRODUCT_NAME = "$(TARGET_NAME)";
				SWIFT_VERSION = 4.0;
				TARGETED_DEVICE_FAMILY = "1,2";
				TEST_TARGET_NAME = ojisangame;
			};
			name = Release;
		};
/* End XCBuildConfiguration section */

/* Begin XCConfigurationList section */
		27114E321F8B49A200728DFC /* Build configuration list for PBXProject "ojisangame" */ = {
			isa = XCConfigurationList;
			buildConfigurations = (
				27114E5D1F8B49A200728DFC /* Debug */,
				27114E5E1F8B49A200728DFC /* Release */,
			);
			defaultConfigurationIsVisible = 0;
			defaultConfigurationName = Release;
		};
		27114E5F1F8B49A200728DFC /* Build configuration list for PBXNativeTarget "ojisangame" */ = {
			isa = XCConfigurationList;
			buildConfigurations = (
				27114E601F8B49A200728DFC /* Debug */,
				27114E611F8B49A200728DFC /* Release */,
			);
			defaultConfigurationIsVisible = 0;
			defaultConfigurationName = Release;
		};
		27114E621F8B49A200728DFC /* Build configuration list for PBXNativeTarget "ojisangameTests" */ = {
			isa = XCConfigurationList;
			buildConfigurations = (
				27114E631F8B49A200728DFC /* Debug */,
				27114E641F8B49A200728DFC /* Release */,
			);
			defaultConfigurationIsVisible = 0;
			defaultConfigurationName = Release;
		};
		27114E651F8B49A200728DFC /* Build configuration list for PBXNativeTarget "ojisangameUITests" */ = {
			isa = XCConfigurationList;
			buildConfigurations = (
				27114E661F8B49A200728DFC /* Debug */,
				27114E671F8B49A200728DFC /* Release */,
			);
			defaultConfigurationIsVisible = 0;
			defaultConfigurationName = Release;
		};
/* End XCConfigurationList section */
	};
	rootObject = 27114E2F1F8B49A200728DFC /* Project object */;
}
